// !$*UTF8*$!
{
	archiveVersion = 1;
	classes = {
	};
	objectVersion = 51;
	objects = {

/* Begin PBXBuildFile section */
		8513718925514CD60079B38E /* BackgroundTabBarController.swift in Sources */ = {isa = PBXBuildFile; fileRef = 8513718825514CD60079B38E /* BackgroundTabBarController.swift */; };
		8513718D25514CF20079B38E /* BackgroundViewController.swift in Sources */ = {isa = PBXBuildFile; fileRef = 8513718C25514CF20079B38E /* BackgroundViewController.swift */; };
		8513719725517F230079B38E /* AnimationBadgeTabBarController.swift in Sources */ = {isa = PBXBuildFile; fileRef = 8513719625517F230079B38E /* AnimationBadgeTabBarController.swift */; };
		8513719B25517F340079B38E /* AnimationBadgeViewController.swift in Sources */ = {isa = PBXBuildFile; fileRef = 8513719A25517F340079B38E /* AnimationBadgeViewController.swift */; };
		851371A4255187C60079B38E /* BackgroundItemTabBarController.swift in Sources */ = {isa = PBXBuildFile; fileRef = 851371A3255187C60079B38E /* BackgroundItemTabBarController.swift */; };
		851371A8255187D60079B38E /* BackgroundItemController.swift in Sources */ = {isa = PBXBuildFile; fileRef = 851371A7255187D60079B38E /* BackgroundItemController.swift */; };
		851371B425518AA00079B38E /* IndicatorViewController.swift in Sources */ = {isa = PBXBuildFile; fileRef = 851371B325518AA00079B38E /* IndicatorViewController.swift */; };
		851371B825518AC60079B38E /* IndicatorTabBarController.swift in Sources */ = {isa = PBXBuildFile; fileRef = 851371B725518AC60079B38E /* IndicatorTabBarController.swift */; };
		851371BE255193830079B38E /* OnlyImageViewController.swift in Sources */ = {isa = PBXBuildFile; fileRef = 851371BD255193830079B38E /* OnlyImageViewController.swift */; };
		851371C2255193A00079B38E /* OnlyImageTabBarController.swift in Sources */ = {isa = PBXBuildFile; fileRef = 851371C1255193A00079B38E /* OnlyImageTabBarController.swift */; };
		852F267C254AFA8600BB0B8C /* BadgeTabBarController.swift in Sources */ = {isa = PBXBuildFile; fileRef = 852F267B254AFA8600BB0B8C /* BadgeTabBarController.swift */; };
		852F2680254AFB1200BB0B8C /* BadgeViewController.swift in Sources */ = {isa = PBXBuildFile; fileRef = 852F267F254AFB1200BB0B8C /* BadgeViewController.swift */; };
		852F2684254B074000BB0B8C /* MixTabBarController.swift in Sources */ = {isa = PBXBuildFile; fileRef = 852F2683254B074000BB0B8C /* MixTabBarController.swift */; };
		852F2688254B077A00BB0B8C /* MixViewController.swift in Sources */ = {isa = PBXBuildFile; fileRef = 852F2687254B077A00BB0B8C /* MixViewController.swift */; };
		852F268C254B096B00BB0B8C /* DynamicWidthTabBarController.swift in Sources */ = {isa = PBXBuildFile; fileRef = 852F268B254B096B00BB0B8C /* DynamicWidthTabBarController.swift */; };
		852F2690254B097D00BB0B8C /* DynamicWidthViewController.swift in Sources */ = {isa = PBXBuildFile; fileRef = 852F268F254B097D00BB0B8C /* DynamicWidthViewController.swift */; };
		852F2694254B0CE200BB0B8C /* HijackTabBarController.swift in Sources */ = {isa = PBXBuildFile; fileRef = 852F2693254B0CE200BB0B8C /* HijackTabBarController.swift */; };
		852F2698254B0CED00BB0B8C /* HijackViewController.swift in Sources */ = {isa = PBXBuildFile; fileRef = 852F2697254B0CED00BB0B8C /* HijackViewController.swift */; };
		852F269C254B0EEB00BB0B8C /* HideOrShowTabBarController.swift in Sources */ = {isa = PBXBuildFile; fileRef = 852F269B254B0EEB00BB0B8C /* HideOrShowTabBarController.swift */; };
		852F26A0254B0F0100BB0B8C /* HideOrShowViewController.swift in Sources */ = {isa = PBXBuildFile; fileRef = 852F269F254B0F0100BB0B8C /* HideOrShowViewController.swift */; };
		852F26AE254B1A2E00BB0B8C /* Irregular_1_TabBarController.swift in Sources */ = {isa = PBXBuildFile; fileRef = 852F26AD254B1A2E00BB0B8C /* Irregular_1_TabBarController.swift */; };
		8557CB46254C542A0023D1E5 /* IrregularViewController.swift in Sources */ = {isa = PBXBuildFile; fileRef = 8557CB45254C542A0023D1E5 /* IrregularViewController.swift */; };
		8588D8AB254863DD0052521F /* AppDelegate.swift in Sources */ = {isa = PBXBuildFile; fileRef = 8588D8AA254863DD0052521F /* AppDelegate.swift */; };
		8588D8AF254863DD0052521F /* ViewController.swift in Sources */ = {isa = PBXBuildFile; fileRef = 8588D8AE254863DD0052521F /* ViewController.swift */; };
		8588D8B2254863DD0052521F /* Main.storyboard in Resources */ = {isa = PBXBuildFile; fileRef = 8588D8B0254863DD0052521F /* Main.storyboard */; };
		8588D8B4254863DD0052521F /* Assets.xcassets in Resources */ = {isa = PBXBuildFile; fileRef = 8588D8B3254863DD0052521F /* Assets.xcassets */; };
		8588D8B7254863DD0052521F /* LaunchScreen.storyboard in Resources */ = {isa = PBXBuildFile; fileRef = 8588D8B5254863DD0052521F /* LaunchScreen.storyboard */; };
		8588D8C92548647B0052521F /* GLTabBar.swift in Sources */ = {isa = PBXBuildFile; fileRef = 8588D8C32548647B0052521F /* GLTabBar.swift */; };
		8588D8CA2548647B0052521F /* GLTabBarItemContainerView.swift in Sources */ = {isa = PBXBuildFile; fileRef = 8588D8C42548647B0052521F /* GLTabBarItemContainerView.swift */; };
		8588D8CB2548647B0052521F /* GLTabBarController.swift in Sources */ = {isa = PBXBuildFile; fileRef = 8588D8C52548647B0052521F /* GLTabBarController.swift */; };
		8588D8CC2548647B0052521F /* GLTabBarBadgeView.swift in Sources */ = {isa = PBXBuildFile; fileRef = 8588D8C62548647B0052521F /* GLTabBarBadgeView.swift */; };
		8588D8CD2548647B0052521F /* _GLTabBarItemWrapView.swift in Sources */ = {isa = PBXBuildFile; fileRef = 8588D8C72548647B0052521F /* _GLTabBarItemWrapView.swift */; };
		8588D8CE2548647B0052521F /* GLTabBarItem.swift in Sources */ = {isa = PBXBuildFile; fileRef = 8588D8C82548647B0052521F /* GLTabBarItem.swift */; };
		8588D8E4254866120052521F /* Navi.swift in Sources */ = {isa = PBXBuildFile; fileRef = 8588D8E3254866120052521F /* Navi.swift */; };
		9E3005770676F1449B972F50 /* Pods_TabBar.framework in Frameworks */ = {isa = PBXBuildFile; fileRef = EAC7F21016579F9EB0199BE6 /* Pods_TabBar.framework */; };
		F9CF0B49254AC97A00CB19AE /* DynamicHeightTabBarController.swift in Sources */ = {isa = PBXBuildFile; fileRef = F9CF0B48254AC97A00CB19AE /* DynamicHeightTabBarController.swift */; };
		F9CF0B4D254ACA1300CB19AE /* DynamicHeightViewController.swift in Sources */ = {isa = PBXBuildFile; fileRef = F9CF0B4C254ACA1300CB19AE /* DynamicHeightViewController.swift */; };
/* End PBXBuildFile section */

/* Begin PBXFileReference section */
		6495CC251BF0732079FF6881 /* Pods-TabBar.debug.xcconfig */ = {isa = PBXFileReference; includeInIndex = 1; lastKnownFileType = text.xcconfig; name = "Pods-TabBar.debug.xcconfig"; path = "Target Support Files/Pods-TabBar/Pods-TabBar.debug.xcconfig"; sourceTree = "<group>"; };
		8513718825514CD60079B38E /* BackgroundTabBarController.swift */ = {isa = PBXFileReference; lastKnownFileType = sourcecode.swift; path = BackgroundTabBarController.swift; sourceTree = "<group>"; };
		8513718C25514CF20079B38E /* BackgroundViewController.swift */ = {isa = PBXFileReference; lastKnownFileType = sourcecode.swift; path = BackgroundViewController.swift; sourceTree = "<group>"; };
		8513719625517F230079B38E /* AnimationBadgeTabBarController.swift */ = {isa = PBXFileReference; lastKnownFileType = sourcecode.swift; path = AnimationBadgeTabBarController.swift; sourceTree = "<group>"; };
		8513719A25517F340079B38E /* AnimationBadgeViewController.swift */ = {isa = PBXFileReference; lastKnownFileType = sourcecode.swift; path = AnimationBadgeViewController.swift; sourceTree = "<group>"; };
		851371A3255187C60079B38E /* BackgroundItemTabBarController.swift */ = {isa = PBXFileReference; lastKnownFileType = sourcecode.swift; path = BackgroundItemTabBarController.swift; sourceTree = "<group>"; };
		851371A7255187D60079B38E /* BackgroundItemController.swift */ = {isa = PBXFileReference; lastKnownFileType = sourcecode.swift; path = BackgroundItemController.swift; sourceTree = "<group>"; };
		851371B325518AA00079B38E /* IndicatorViewController.swift */ = {isa = PBXFileReference; lastKnownFileType = sourcecode.swift; path = IndicatorViewController.swift; sourceTree = "<group>"; };
		851371B725518AC60079B38E /* IndicatorTabBarController.swift */ = {isa = PBXFileReference; lastKnownFileType = sourcecode.swift; path = IndicatorTabBarController.swift; sourceTree = "<group>"; };
		851371BD255193830079B38E /* OnlyImageViewController.swift */ = {isa = PBXFileReference; lastKnownFileType = sourcecode.swift; path = OnlyImageViewController.swift; sourceTree = "<group>"; };
		851371C1255193A00079B38E /* OnlyImageTabBarController.swift */ = {isa = PBXFileReference; lastKnownFileType = sourcecode.swift; path = OnlyImageTabBarController.swift; sourceTree = "<group>"; };
		852F267B254AFA8600BB0B8C /* BadgeTabBarController.swift */ = {isa = PBXFileReference; lastKnownFileType = sourcecode.swift; path = BadgeTabBarController.swift; sourceTree = "<group>"; };
		852F267F254AFB1200BB0B8C /* BadgeViewController.swift */ = {isa = PBXFileReference; lastKnownFileType = sourcecode.swift; path = BadgeViewController.swift; sourceTree = "<group>"; };
		852F2683254B074000BB0B8C /* MixTabBarController.swift */ = {isa = PBXFileReference; lastKnownFileType = sourcecode.swift; path = MixTabBarController.swift; sourceTree = "<group>"; };
		852F2687254B077A00BB0B8C /* MixViewController.swift */ = {isa = PBXFileReference; lastKnownFileType = sourcecode.swift; path = MixViewController.swift; sourceTree = "<group>"; };
		852F268B254B096B00BB0B8C /* DynamicWidthTabBarController.swift */ = {isa = PBXFileReference; lastKnownFileType = sourcecode.swift; path = DynamicWidthTabBarController.swift; sourceTree = "<group>"; };
		852F268F254B097D00BB0B8C /* DynamicWidthViewController.swift */ = {isa = PBXFileReference; lastKnownFileType = sourcecode.swift; path = DynamicWidthViewController.swift; sourceTree = "<group>"; };
		852F2693254B0CE200BB0B8C /* HijackTabBarController.swift */ = {isa = PBXFileReference; lastKnownFileType = sourcecode.swift; path = HijackTabBarController.swift; sourceTree = "<group>"; };
		852F2697254B0CED00BB0B8C /* HijackViewController.swift */ = {isa = PBXFileReference; lastKnownFileType = sourcecode.swift; path = HijackViewController.swift; sourceTree = "<group>"; };
		852F269B254B0EEB00BB0B8C /* HideOrShowTabBarController.swift */ = {isa = PBXFileReference; lastKnownFileType = sourcecode.swift; path = HideOrShowTabBarController.swift; sourceTree = "<group>"; };
		852F269F254B0F0100BB0B8C /* HideOrShowViewController.swift */ = {isa = PBXFileReference; lastKnownFileType = sourcecode.swift; path = HideOrShowViewController.swift; sourceTree = "<group>"; };
		852F26AD254B1A2E00BB0B8C /* Irregular_1_TabBarController.swift */ = {isa = PBXFileReference; lastKnownFileType = sourcecode.swift; path = Irregular_1_TabBarController.swift; sourceTree = "<group>"; };
		8557CB45254C542A0023D1E5 /* IrregularViewController.swift */ = {isa = PBXFileReference; lastKnownFileType = sourcecode.swift; path = IrregularViewController.swift; sourceTree = "<group>"; };
		8588D8A7254863DD0052521F /* TabBar.app */ = {isa = PBXFileReference; explicitFileType = wrapper.application; includeInIndex = 0; path = TabBar.app; sourceTree = BUILT_PRODUCTS_DIR; };
		8588D8AA254863DD0052521F /* AppDelegate.swift */ = {isa = PBXFileReference; lastKnownFileType = sourcecode.swift; path = AppDelegate.swift; sourceTree = "<group>"; };
		8588D8AE254863DD0052521F /* ViewController.swift */ = {isa = PBXFileReference; lastKnownFileType = sourcecode.swift; path = ViewController.swift; sourceTree = "<group>"; };
		8588D8B1254863DD0052521F /* Base */ = {isa = PBXFileReference; lastKnownFileType = file.storyboard; name = Base; path = Base.lproj/Main.storyboard; sourceTree = "<group>"; };
		8588D8B3254863DD0052521F /* Assets.xcassets */ = {isa = PBXFileReference; lastKnownFileType = folder.assetcatalog; path = Assets.xcassets; sourceTree = "<group>"; };
		8588D8B6254863DD0052521F /* Base */ = {isa = PBXFileReference; lastKnownFileType = file.storyboard; name = Base; path = Base.lproj/LaunchScreen.storyboard; sourceTree = "<group>"; };
		8588D8B8254863DD0052521F /* Info.plist */ = {isa = PBXFileReference; lastKnownFileType = text.plist.xml; path = Info.plist; sourceTree = "<group>"; };
		8588D8C32548647B0052521F /* GLTabBar.swift */ = {isa = PBXFileReference; fileEncoding = 4; lastKnownFileType = sourcecode.swift; path = GLTabBar.swift; sourceTree = "<group>"; };
		8588D8C42548647B0052521F /* GLTabBarItemContainerView.swift */ = {isa = PBXFileReference; fileEncoding = 4; lastKnownFileType = sourcecode.swift; path = GLTabBarItemContainerView.swift; sourceTree = "<group>"; };
		8588D8C52548647B0052521F /* GLTabBarController.swift */ = {isa = PBXFileReference; fileEncoding = 4; lastKnownFileType = sourcecode.swift; path = GLTabBarController.swift; sourceTree = "<group>"; };
		8588D8C62548647B0052521F /* GLTabBarBadgeView.swift */ = {isa = PBXFileReference; fileEncoding = 4; lastKnownFileType = sourcecode.swift; path = GLTabBarBadgeView.swift; sourceTree = "<group>"; };
		8588D8C72548647B0052521F /* _GLTabBarItemWrapView.swift */ = {isa = PBXFileReference; fileEncoding = 4; lastKnownFileType = sourcecode.swift; path = _GLTabBarItemWrapView.swift; sourceTree = "<group>"; };
		8588D8C82548647B0052521F /* GLTabBarItem.swift */ = {isa = PBXFileReference; fileEncoding = 4; lastKnownFileType = sourcecode.swift; path = GLTabBarItem.swift; sourceTree = "<group>"; };
		8588D8E3254866120052521F /* Navi.swift */ = {isa = PBXFileReference; lastKnownFileType = sourcecode.swift; path = Navi.swift; sourceTree = "<group>"; };
		BE4CF6BE80B08B8791AE372F /* Pods-TabBar.release.xcconfig */ = {isa = PBXFileReference; includeInIndex = 1; lastKnownFileType = text.xcconfig; name = "Pods-TabBar.release.xcconfig"; path = "Target Support Files/Pods-TabBar/Pods-TabBar.release.xcconfig"; sourceTree = "<group>"; };
		EAC7F21016579F9EB0199BE6 /* Pods_TabBar.framework */ = {isa = PBXFileReference; explicitFileType = wrapper.framework; includeInIndex = 0; path = Pods_TabBar.framework; sourceTree = BUILT_PRODUCTS_DIR; };
		F9CF0B48254AC97A00CB19AE /* DynamicHeightTabBarController.swift */ = {isa = PBXFileReference; lastKnownFileType = sourcecode.swift; path = DynamicHeightTabBarController.swift; sourceTree = "<group>"; };
		F9CF0B4C254ACA1300CB19AE /* DynamicHeightViewController.swift */ = {isa = PBXFileReference; lastKnownFileType = sourcecode.swift; path = DynamicHeightViewController.swift; sourceTree = "<group>"; };
/* End PBXFileReference section */

/* Begin PBXFrameworksBuildPhase section */
		8588D8A4254863DD0052521F /* Frameworks */ = {
			isa = PBXFrameworksBuildPhase;
			buildActionMask = 2147483647;
			files = (
				9E3005770676F1449B972F50 /* Pods_TabBar.framework in Frameworks */,
			);
			runOnlyForDeploymentPostprocessing = 0;
		};
/* End PBXFrameworksBuildPhase section */

/* Begin PBXGroup section */
		8513718725514CAC0079B38E /* Background */ = {
			isa = PBXGroup;
			children = (
				8513718825514CD60079B38E /* BackgroundTabBarController.swift */,
				8513718C25514CF20079B38E /* BackgroundViewController.swift */,
			);
			path = Background;
			sourceTree = "<group>";
		};
		8513719525517F010079B38E /* Animation Badge */ = {
			isa = PBXGroup;
			children = (
				8513719625517F230079B38E /* AnimationBadgeTabBarController.swift */,
				8513719A25517F340079B38E /* AnimationBadgeViewController.swift */,
			);
			path = "Animation Badge";
			sourceTree = "<group>";
		};
		851371A22551879A0079B38E /* Background Item */ = {
			isa = PBXGroup;
			children = (
				851371A3255187C60079B38E /* BackgroundItemTabBarController.swift */,
				851371A7255187D60079B38E /* BackgroundItemController.swift */,
			);
			path = "Background Item";
			sourceTree = "<group>";
		};
		851371B225518A580079B38E /* Indicator */ = {
			isa = PBXGroup;
			children = (
				851371B725518AC60079B38E /* IndicatorTabBarController.swift */,
				851371B325518AA00079B38E /* IndicatorViewController.swift */,
			);
			path = Indicator;
			sourceTree = "<group>";
		};
		851371BC2551935C0079B38E /* Only Image */ = {
			isa = PBXGroup;
			children = (
				851371C1255193A00079B38E /* OnlyImageTabBarController.swift */,
				851371BD255193830079B38E /* OnlyImageViewController.swift */,
			);
			path = "Only Image";
			sourceTree = "<group>";
		};
		852F267A254AFA6700BB0B8C /* Badge */ = {
			isa = PBXGroup;
			children = (
				852F267B254AFA8600BB0B8C /* BadgeTabBarController.swift */,
				852F267F254AFB1200BB0B8C /* BadgeViewController.swift */,
			);
			path = Badge;
			sourceTree = "<group>";
		};
		852F2682254B06FC00BB0B8C /* Mix */ = {
			isa = PBXGroup;
			children = (
				852F2683254B074000BB0B8C /* MixTabBarController.swift */,
				852F2687254B077A00BB0B8C /* MixViewController.swift */,
			);
			path = Mix;
			sourceTree = "<group>";
		};
		852F268A254B094300BB0B8C /* DynamicWidth */ = {
			isa = PBXGroup;
			children = (
				852F268B254B096B00BB0B8C /* DynamicWidthTabBarController.swift */,
				852F268F254B097D00BB0B8C /* DynamicWidthViewController.swift */,
			);
			path = DynamicWidth;
			sourceTree = "<group>";
		};
		852F2692254B0CAB00BB0B8C /* Hijack */ = {
			isa = PBXGroup;
			children = (
				852F2693254B0CE200BB0B8C /* HijackTabBarController.swift */,
				852F2697254B0CED00BB0B8C /* HijackViewController.swift */,
			);
			path = Hijack;
			sourceTree = "<group>";
		};
		852F269A254B0ED100BB0B8C /* HideOrShow */ = {
			isa = PBXGroup;
			children = (
				852F269B254B0EEB00BB0B8C /* HideOrShowTabBarController.swift */,
				852F269F254B0F0100BB0B8C /* HideOrShowViewController.swift */,
			);
			path = HideOrShow;
			sourceTree = "<group>";
		};
		852F26A8254B19CB00BB0B8C /* Irregular Item */ = {
			isa = PBXGroup;
			children = (
				852F26AD254B1A2E00BB0B8C /* Irregular_1_TabBarController.swift */,
				8557CB45254C542A0023D1E5 /* IrregularViewController.swift */,
			);
			path = "Irregular Item";
			sourceTree = "<group>";
		};
		8588D89E254863DD0052521F = {
			isa = PBXGroup;
			children = (
				8588D8C22548647B0052521F /* Sources */,
				8588D8A9254863DD0052521F /* TabBar */,
				8588D8A8254863DD0052521F /* Products */,
				D78E740794A083199CB9B203 /* Pods */,
				993BB0645097DE42DD800801 /* Frameworks */,
			);
			sourceTree = "<group>";
		};
		8588D8A8254863DD0052521F /* Products */ = {
			isa = PBXGroup;
			children = (
				8588D8A7254863DD0052521F /* TabBar.app */,
			);
			name = Products;
			sourceTree = "<group>";
		};
		8588D8A9254863DD0052521F /* TabBar */ = {
			isa = PBXGroup;
			children = (
				8588D8AA254863DD0052521F /* AppDelegate.swift */,
				8588D8AE254863DD0052521F /* ViewController.swift */,
				8588D8E3254866120052521F /* Navi.swift */,
				8588D8D0254864FC0052521F /* Example */,
				8588D8B0254863DD0052521F /* Main.storyboard */,
				8588D8B3254863DD0052521F /* Assets.xcassets */,
				8588D8B5254863DD0052521F /* LaunchScreen.storyboard */,
				8588D8B8254863DD0052521F /* Info.plist */,
			);
			path = TabBar;
			sourceTree = "<group>";
		};
		8588D8C22548647B0052521F /* Sources */ = {
			isa = PBXGroup;
			children = (
				8588D8C52548647B0052521F /* GLTabBarController.swift */,
				8588D8C32548647B0052521F /* GLTabBar.swift */,
				8588D8C62548647B0052521F /* GLTabBarBadgeView.swift */,
				8588D8C42548647B0052521F /* GLTabBarItemContainerView.swift */,
				8588D8C72548647B0052521F /* _GLTabBarItemWrapView.swift */,
				8588D8C82548647B0052521F /* GLTabBarItem.swift */,
			);
			path = Sources;
			sourceTree = "<group>";
		};
		8588D8D0254864FC0052521F /* Example */ = {
			isa = PBXGroup;
			children = (
				851371BC2551935C0079B38E /* Only Image */,
				851371B225518A580079B38E /* Indicator */,
				851371A22551879A0079B38E /* Background Item */,
				8513719525517F010079B38E /* Animation Badge */,
				8513718725514CAC0079B38E /* Background */,
				852F26A8254B19CB00BB0B8C /* Irregular Item */,
				852F269A254B0ED100BB0B8C /* HideOrShow */,
				852F2692254B0CAB00BB0B8C /* Hijack */,
				852F268A254B094300BB0B8C /* DynamicWidth */,
				852F2682254B06FC00BB0B8C /* Mix */,
				852F267A254AFA6700BB0B8C /* Badge */,
				F9CF0B47254AC95400CB19AE /* DynamicHeight */,
			);
			path = Example;
			sourceTree = "<group>";
		};
		993BB0645097DE42DD800801 /* Frameworks */ = {
			isa = PBXGroup;
			children = (
				EAC7F21016579F9EB0199BE6 /* Pods_TabBar.framework */,
			);
			name = Frameworks;
			sourceTree = "<group>";
		};
		D78E740794A083199CB9B203 /* Pods */ = {
			isa = PBXGroup;
			children = (
				6495CC251BF0732079FF6881 /* Pods-TabBar.debug.xcconfig */,
				BE4CF6BE80B08B8791AE372F /* Pods-TabBar.release.xcconfig */,
			);
			path = Pods;
			sourceTree = "<group>";
		};
		F9CF0B47254AC95400CB19AE /* DynamicHeight */ = {
			isa = PBXGroup;
			children = (
				F9CF0B48254AC97A00CB19AE /* DynamicHeightTabBarController.swift */,
				F9CF0B4C254ACA1300CB19AE /* DynamicHeightViewController.swift */,
			);
			path = DynamicHeight;
			sourceTree = "<group>";
		};
/* End PBXGroup section */

/* Begin PBXNativeTarget section */
		8588D8A6254863DD0052521F /* TabBar */ = {
			isa = PBXNativeTarget;
			buildConfigurationList = 8588D8BB254863DD0052521F /* Build configuration list for PBXNativeTarget "TabBar" */;
			buildPhases = (
				CB14D93E7D37448895509D7F /* [CP] Check Pods Manifest.lock */,
				8588D8A3254863DD0052521F /* Sources */,
				8588D8A4254863DD0052521F /* Frameworks */,
				8588D8A5254863DD0052521F /* Resources */,
				2D11F1BE1F34C3D6FF820F7A /* [CP] Embed Pods Frameworks */,
			);
			buildRules = (
			);
			dependencies = (
			);
			name = TabBar;
			productName = TabBar;
			productReference = 8588D8A7254863DD0052521F /* TabBar.app */;
			productType = "com.apple.product-type.application";
		};
/* End PBXNativeTarget section */

/* Begin PBXProject section */
		8588D89F254863DD0052521F /* Project object */ = {
			isa = PBXProject;
			attributes = {
				LastSwiftUpdateCheck = 1200;
				LastUpgradeCheck = 1200;
				TargetAttributes = {
					8588D8A6254863DD0052521F = {
						CreatedOnToolsVersion = 12.0.1;
					};
				};
			};
			buildConfigurationList = 8588D8A2254863DD0052521F /* Build configuration list for PBXProject "TabBar" */;
			compatibilityVersion = "Xcode 9.3";
			developmentRegion = en;
			hasScannedForEncodings = 0;
			knownRegions = (
				en,
				Base,
			);
			mainGroup = 8588D89E254863DD0052521F;
			productRefGroup = 8588D8A8254863DD0052521F /* Products */;
			projectDirPath = "";
			projectRoot = "";
			targets = (
				8588D8A6254863DD0052521F /* TabBar */,
			);
		};
/* End PBXProject section */

/* Begin PBXResourcesBuildPhase section */
		8588D8A5254863DD0052521F /* Resources */ = {
			isa = PBXResourcesBuildPhase;
			buildActionMask = 2147483647;
			files = (
				8588D8B7254863DD0052521F /* LaunchScreen.storyboard in Resources */,
				8588D8B4254863DD0052521F /* Assets.xcassets in Resources */,
				8588D8B2254863DD0052521F /* Main.storyboard in Resources */,
			);
			runOnlyForDeploymentPostprocessing = 0;
		};
/* End PBXResourcesBuildPhase section */

/* Begin PBXShellScriptBuildPhase section */
		2D11F1BE1F34C3D6FF820F7A /* [CP] Embed Pods Frameworks */ = {
			isa = PBXShellScriptBuildPhase;
			buildActionMask = 2147483647;
			files = (
			);
			inputFileListPaths = (
				"${PODS_ROOT}/Target Support Files/Pods-TabBar/Pods-TabBar-frameworks-${CONFIGURATION}-input-files.xcfilelist",
			);
			name = "[CP] Embed Pods Frameworks";
			outputFileListPaths = (
				"${PODS_ROOT}/Target Support Files/Pods-TabBar/Pods-TabBar-frameworks-${CONFIGURATION}-output-files.xcfilelist",
			);
			runOnlyForDeploymentPostprocessing = 0;
			shellPath = /bin/sh;
			shellScript = "\"${PODS_ROOT}/Target Support Files/Pods-TabBar/Pods-TabBar-frameworks.sh\"\n";
			showEnvVarsInLog = 0;
		};
		CB14D93E7D37448895509D7F /* [CP] Check Pods Manifest.lock */ = {
			isa = PBXShellScriptBuildPhase;
			buildActionMask = 2147483647;
			files = (
			);
			inputFileListPaths = (
			);
			inputPaths = (
				"${PODS_PODFILE_DIR_PATH}/Podfile.lock",
				"${PODS_ROOT}/Manifest.lock",
			);
			name = "[CP] Check Pods Manifest.lock";
			outputFileListPaths = (
			);
			outputPaths = (
				"$(DERIVED_FILE_DIR)/Pods-TabBar-checkManifestLockResult.txt",
			);
			runOnlyForDeploymentPostprocessing = 0;
			shellPath = /bin/sh;
			shellScript = "diff \"${PODS_PODFILE_DIR_PATH}/Podfile.lock\" \"${PODS_ROOT}/Manifest.lock\" > /dev/null\nif [ $? != 0 ] ; then\n    # print error to STDERR\n    echo \"error: The sandbox is not in sync with the Podfile.lock. Run 'pod install' or update your CocoaPods installation.\" >&2\n    exit 1\nfi\n# This output is used by Xcode 'outputs' to avoid re-running this script phase.\necho \"SUCCESS\" > \"${SCRIPT_OUTPUT_FILE_0}\"\n";
			showEnvVarsInLog = 0;
		};
/* End PBXShellScriptBuildPhase section */

/* Begin PBXSourcesBuildPhase section */
		8588D8A3254863DD0052521F /* Sources */ = {
			isa = PBXSourcesBuildPhase;
			buildActionMask = 2147483647;
			files = (
				F9CF0B49254AC97A00CB19AE /* DynamicHeightTabBarController.swift in Sources */,
				852F268C254B096B00BB0B8C /* DynamicWidthTabBarController.swift in Sources */,
				8513719725517F230079B38E /* AnimationBadgeTabBarController.swift in Sources */,
				852F269C254B0EEB00BB0B8C /* HideOrShowTabBarController.swift in Sources */,
				8588D8C92548647B0052521F /* GLTabBar.swift in Sources */,
				F9CF0B4D254ACA1300CB19AE /* DynamicHeightViewController.swift in Sources */,
				8588D8AF254863DD0052521F /* ViewController.swift in Sources */,
				852F26A0254B0F0100BB0B8C /* HideOrShowViewController.swift in Sources */,
				8588D8CB2548647B0052521F /* GLTabBarController.swift in Sources */,
				8588D8E4254866120052521F /* Navi.swift in Sources */,
				8588D8CE2548647B0052521F /* GLTabBarItem.swift in Sources */,
				852F2698254B0CED00BB0B8C /* HijackViewController.swift in Sources */,
				852F2680254AFB1200BB0B8C /* BadgeViewController.swift in Sources */,
				852F2694254B0CE200BB0B8C /* HijackTabBarController.swift in Sources */,
				851371B425518AA00079B38E /* IndicatorViewController.swift in Sources */,
				8588D8CC2548647B0052521F /* GLTabBarBadgeView.swift in Sources */,
				8588D8CA2548647B0052521F /* GLTabBarItemContainerView.swift in Sources */,
				851371A4255187C60079B38E /* BackgroundItemTabBarController.swift in Sources */,
				852F2684254B074000BB0B8C /* MixTabBarController.swift in Sources */,
				852F26AE254B1A2E00BB0B8C /* Irregular_1_TabBarController.swift in Sources */,
				851371A8255187D60079B38E /* BackgroundItemController.swift in Sources */,
				8557CB46254C542A0023D1E5 /* IrregularViewController.swift in Sources */,
				852F267C254AFA8600BB0B8C /* BadgeTabBarController.swift in Sources */,
				8513719B25517F340079B38E /* AnimationBadgeViewController.swift in Sources */,
				8513718D25514CF20079B38E /* BackgroundViewController.swift in Sources */,
				852F2688254B077A00BB0B8C /* MixViewController.swift in Sources */,
				8588D8AB254863DD0052521F /* AppDelegate.swift in Sources */,
				851371C2255193A00079B38E /* OnlyImageTabBarController.swift in Sources */,
				8588D8CD2548647B0052521F /* _GLTabBarItemWrapView.swift in Sources */,
				851371BE255193830079B38E /* OnlyImageViewController.swift in Sources */,
				852F2690254B097D00BB0B8C /* DynamicWidthViewController.swift in Sources */,
				8513718925514CD60079B38E /* BackgroundTabBarController.swift in Sources */,
				851371B825518AC60079B38E /* IndicatorTabBarController.swift in Sources */,
			);
			runOnlyForDeploymentPostprocessing = 0;
		};
/* End PBXSourcesBuildPhase section */

/* Begin PBXVariantGroup section */
		8588D8B0254863DD0052521F /* Main.storyboard */ = {
			isa = PBXVariantGroup;
			children = (
				8588D8B1254863DD0052521F /* Base */,
			);
			name = Main.storyboard;
			sourceTree = "<group>";
		};
		8588D8B5254863DD0052521F /* LaunchScreen.storyboard */ = {
			isa = PBXVariantGroup;
			children = (
				8588D8B6254863DD0052521F /* Base */,
			);
			name = LaunchScreen.storyboard;
			sourceTree = "<group>";
		};
/* End PBXVariantGroup section */

/* Begin XCBuildConfiguration section */
		8588D8B9254863DD0052521F /* Debug */ = {
			isa = XCBuildConfiguration;
			buildSettings = {
				ALWAYS_SEARCH_USER_PATHS = NO;
				CLANG_ANALYZER_NONNULL = YES;
				CLANG_ANALYZER_NUMBER_OBJECT_CONVERSION = YES_AGGRESSIVE;
				CLANG_CXX_LANGUAGE_STANDARD = "gnu++14";
				CLANG_CXX_LIBRARY = "libc++";
				CLANG_ENABLE_MODULES = YES;
				CLANG_ENABLE_OBJC_ARC = YES;
				CLANG_ENABLE_OBJC_WEAK = YES;
				CLANG_WARN_BLOCK_CAPTURE_AUTORELEASING = YES;
				CLANG_WARN_BOOL_CONVERSION = YES;
				CLANG_WARN_COMMA = YES;
				CLANG_WARN_CONSTANT_CONVERSION = YES;
				CLANG_WARN_DEPRECATED_OBJC_IMPLEMENTATIONS = YES;
				CLANG_WARN_DIRECT_OBJC_ISA_USAGE = YES_ERROR;
				CLANG_WARN_DOCUMENTATION_COMMENTS = YES;
				CLANG_WARN_EMPTY_BODY = YES;
				CLANG_WARN_ENUM_CONVERSION = YES;
				CLANG_WARN_INFINITE_RECURSION = YES;
				CLANG_WARN_INT_CONVERSION = YES;
				CLANG_WARN_NON_LITERAL_NULL_CONVERSION = YES;
				CLANG_WARN_OBJC_IMPLICIT_RETAIN_SELF = YES;
				CLANG_WARN_OBJC_LITERAL_CONVERSION = YES;
				CLANG_WARN_OBJC_ROOT_CLASS = YES_ERROR;
				CLANG_WARN_QUOTED_INCLUDE_IN_FRAMEWORK_HEADER = YES;
				CLANG_WARN_RANGE_LOOP_ANALYSIS = YES;
				CLANG_WARN_STRICT_PROTOTYPES = YES;
				CLANG_WARN_SUSPICIOUS_MOVE = YES;
				CLANG_WARN_UNGUARDED_AVAILABILITY = YES_AGGRESSIVE;
				CLANG_WARN_UNREACHABLE_CODE = YES;
				CLANG_WARN__DUPLICATE_METHOD_MATCH = YES;
				COPY_PHASE_STRIP = NO;
				DEBUG_INFORMATION_FORMAT = dwarf;
				ENABLE_STRICT_OBJC_MSGSEND = YES;
				ENABLE_TESTABILITY = YES;
				GCC_C_LANGUAGE_STANDARD = gnu11;
				GCC_DYNAMIC_NO_PIC = NO;
				GCC_NO_COMMON_BLOCKS = YES;
				GCC_OPTIMIZATION_LEVEL = 0;
				GCC_PREPROCESSOR_DEFINITIONS = (
					"DEBUG=1",
					"$(inherited)",
				);
				GCC_WARN_64_TO_32_BIT_CONVERSION = YES;
				GCC_WARN_ABOUT_RETURN_TYPE = YES_ERROR;
				GCC_WARN_UNDECLARED_SELECTOR = YES;
				GCC_WARN_UNINITIALIZED_AUTOS = YES_AGGRESSIVE;
				GCC_WARN_UNUSED_FUNCTION = YES;
				GCC_WARN_UNUSED_VARIABLE = YES;
				IPHONEOS_DEPLOYMENT_TARGET = 14.0;
				MTL_ENABLE_DEBUG_INFO = INCLUDE_SOURCE;
				MTL_FAST_MATH = YES;
				ONLY_ACTIVE_ARCH = YES;
				SDKROOT = iphoneos;
				SWIFT_ACTIVE_COMPILATION_CONDITIONS = DEBUG;
				SWIFT_OPTIMIZATION_LEVEL = "-Onone";
			};
			name = Debug;
		};
		8588D8BA254863DD0052521F /* Release */ = {
			isa = XCBuildConfiguration;
			buildSettings = {
				ALWAYS_SEARCH_USER_PATHS = NO;
				CLANG_ANALYZER_NONNULL = YES;
				CLANG_ANALYZER_NUMBER_OBJECT_CONVERSION = YES_AGGRESSIVE;
				CLANG_CXX_LANGUAGE_STANDARD = "gnu++14";
				CLANG_CXX_LIBRARY = "libc++";
				CLANG_ENABLE_MODULES = YES;
				CLANG_ENABLE_OBJC_ARC = YES;
				CLANG_ENABLE_OBJC_WEAK = YES;
				CLANG_WARN_BLOCK_CAPTURE_AUTORELEASING = YES;
				CLANG_WARN_BOOL_CONVERSION = YES;
				CLANG_WARN_COMMA = YES;
				CLANG_WARN_CONSTANT_CONVERSION = YES;
				CLANG_WARN_DEPRECATED_OBJC_IMPLEMENTATIONS = YES;
				CLANG_WARN_DIRECT_OBJC_ISA_USAGE = YES_ERROR;
				CLANG_WARN_DOCUMENTATION_COMMENTS = YES;
				CLANG_WARN_EMPTY_BODY = YES;
				CLANG_WARN_ENUM_CONVERSION = YES;
				CLANG_WARN_INFINITE_RECURSION = YES;
				CLANG_WARN_INT_CONVERSION = YES;
				CLANG_WARN_NON_LITERAL_NULL_CONVERSION = YES;
				CLANG_WARN_OBJC_IMPLICIT_RETAIN_SELF = YES;
				CLANG_WARN_OBJC_LITERAL_CONVERSION = YES;
				CLANG_WARN_OBJC_ROOT_CLASS = YES_ERROR;
				CLANG_WARN_QUOTED_INCLUDE_IN_FRAMEWORK_HEADER = YES;
				CLANG_WARN_RANGE_LOOP_ANALYSIS = YES;
				CLANG_WARN_STRICT_PROTOTYPES = YES;
				CLANG_WARN_SUSPICIOUS_MOVE = YES;
				CLANG_WARN_UNGUARDED_AVAILABILITY = YES_AGGRESSIVE;
				CLANG_WARN_UNREACHABLE_CODE = YES;
				CLANG_WARN__DUPLICATE_METHOD_MATCH = YES;
				COPY_PHASE_STRIP = NO;
				DEBUG_INFORMATION_FORMAT = "dwarf-with-dsym";
				ENABLE_NS_ASSERTIONS = NO;
				ENABLE_STRICT_OBJC_MSGSEND = YES;
				GCC_C_LANGUAGE_STANDARD = gnu11;
				GCC_NO_COMMON_BLOCKS = YES;
				GCC_WARN_64_TO_32_BIT_CONVERSION = YES;
				GCC_WARN_ABOUT_RETURN_TYPE = YES_ERROR;
				GCC_WARN_UNDECLARED_SELECTOR = YES;
				GCC_WARN_UNINITIALIZED_AUTOS = YES_AGGRESSIVE;
				GCC_WARN_UNUSED_FUNCTION = YES;
				GCC_WARN_UNUSED_VARIABLE = YES;
				IPHONEOS_DEPLOYMENT_TARGET = 14.0;
				MTL_ENABLE_DEBUG_INFO = NO;
				MTL_FAST_MATH = YES;
				SDKROOT = iphoneos;
				SWIFT_COMPILATION_MODE = wholemodule;
				SWIFT_OPTIMIZATION_LEVEL = "-O";
				VALIDATE_PRODUCT = YES;
			};
			name = Release;
		};
		8588D8BC254863DD0052521F /* Debug */ = {
			isa = XCBuildConfiguration;
			baseConfigurationReference = 6495CC251BF0732079FF6881 /* Pods-TabBar.debug.xcconfig */;
			buildSettings = {
				ASSETCATALOG_COMPILER_APPICON_NAME = AppIcon;
				ASSETCATALOG_COMPILER_GLOBAL_ACCENT_COLOR_NAME = AccentColor;
				CODE_SIGN_STYLE = Automatic;
				DEVELOPMENT_TEAM = 2E8NVCJR97;
				INFOPLIST_FILE = TabBar/Info.plist;
				IPHONEOS_DEPLOYMENT_TARGET = 9.0;
				LD_RUNPATH_SEARCH_PATHS = (
					"$(inherited)",
					"@executable_path/Frameworks",
				);
				PRODUCT_BUNDLE_IDENTIFIER = com.galaxy.TabBar;
				PRODUCT_NAME = "$(TARGET_NAME)";
				SWIFT_VERSION = 5.0;
				TARGETED_DEVICE_FAMILY = 1;
			};
			name = Debug;
		};
		8588D8BD254863DD0052521F /* Release */ = {
			isa = XCBuildConfiguration;
			baseConfigurationReference = BE4CF6BE80B08B8791AE372F /* Pods-TabBar.release.xcconfig */;
			buildSettings = {
				ASSETCATALOG_COMPILER_APPICON_NAME = AppIcon;
				ASSETCATALOG_COMPILER_GLOBAL_ACCENT_COLOR_NAME = AccentColor;
				CODE_SIGN_STYLE = Automatic;
				DEVELOPMENT_TEAM = 2E8NVCJR97;
				INFOPLIST_FILE = TabBar/Info.plist;
				IPHONEOS_DEPLOYMENT_TARGET = 9.0;
				LD_RUNPATH_SEARCH_PATHS = (
					"$(inherited)",
					"@executable_path/Frameworks",
				);
				PRODUCT_BUNDLE_IDENTIFIER = com.galaxy.TabBar;
				PRODUCT_NAME = "$(TARGET_NAME)";
				SWIFT_VERSION = 5.0;
				TARGETED_DEVICE_FAMILY = 1;
			};
			name = Release;
		};
/* End XCBuildConfiguration section */

/* Begin XCConfigurationList section */
		8588D8A2254863DD0052521F /* Build configuration list for PBXProject "TabBar" */ = {
			isa = XCConfigurationList;
			buildConfigurations = (
				8588D8B9254863DD0052521F /* Debug */,
				8588D8BA254863DD0052521F /* Release */,
			);
			defaultConfigurationIsVisible = 0;
			defaultConfigurationName = Release;
		};
		8588D8BB254863DD0052521F /* Build configuration list for PBXNativeTarget "TabBar" */ = {
			isa = XCConfigurationList;
			buildConfigurations = (
				8588D8BC254863DD0052521F /* Debug */,
				8588D8BD254863DD0052521F /* Release */,
			);
			defaultConfigurationIsVisible = 0;
			defaultConfigurationName = Release;
		};
/* End XCConfigurationList section */
	};
	rootObject = 8588D89F254863DD0052521F /* Project object */;
}
